
Microsoft Visual Studio Solution File, Format Version 12.00
Project("{FAE04EC0-301F-11D3-BF4B-00C04F79EFBC}") = "WebScraper.API", "WebScraper.API\WebScraper.API.csproj", "{A24DC5F7-006E-4A5F-9787-D737778397FE}"
EndProject
Project("{FAE04EC0-301F-11D3-BF4B-00C04F79EFBC}") = "WebScrapper.Core", "WebScrapper.Core\WebScrapper.Core.csproj", "{96DA2DF7-7E66-4F61-9443-64B78C145828}"
EndProject
Project("{FAE04EC0-301F-11D3-BF4B-00C04F79EFBC}") = "WebScraper.Database", "WebScraper.Database\WebScraper.Database.csproj", "{75695AD2-2083-4D38-B7EF-C46D3630CEBC}"
EndProject
Global
	GlobalSection(SolutionConfigurationPlatforms) = preSolution
		Debug|Any CPU = Debug|Any CPU
		Release|Any CPU = Release|Any CPU
	EndGlobalSection
	GlobalSection(ProjectConfigurationPlatforms) = postSolution
		{A24DC5F7-006E-4A5F-9787-D737778397FE}.Debug|Any CPU.ActiveCfg = Debug|Any CPU
		{A24DC5F7-006E-4A5F-9787-D737778397FE}.Debug|Any CPU.Build.0 = Debug|Any CPU
		{A24DC5F7-006E-4A5F-9787-D737778397FE}.Release|Any CPU.ActiveCfg = Release|Any CPU
		{A24DC5F7-006E-4A5F-9787-D737778397FE}.Release|Any CPU.Build.0 = Release|Any CPU
		{96DA2DF7-7E66-4F61-9443-64B78C145828}.Debug|Any CPU.ActiveCfg = Debug|Any CPU
		{96DA2DF7-7E66-4F61-9443-64B78C145828}.Debug|Any CPU.Build.0 = Debug|Any CPU
		{96DA2DF7-7E66-4F61-9443-64B78C145828}.Release|Any CPU.ActiveCfg = Release|Any CPU
		{96DA2DF7-7E66-4F61-9443-64B78C145828}.Release|Any CPU.Build.0 = Release|Any CPU
		{75695AD2-2083-4D38-B7EF-C46D3630CEBC}.Debug|Any CPU.ActiveCfg = Debug|Any CPU
		{75695AD2-2083-4D38-B7EF-C46D3630CEBC}.Debug|Any CPU.Build.0 = Debug|Any CPU
		{75695AD2-2083-4D38-B7EF-C46D3630CEBC}.Release|Any CPU.ActiveCfg = Release|Any CPU
		{75695AD2-2083-4D38-B7EF-C46D3630CEBC}.Release|Any CPU.Build.0 = Release|Any CPU
	EndGlobalSection
EndGlobal
